Microsoft Visual Studio Solution File, Format Version 12.00
# Visual Studio Version 17
VisualStudioVersion = 17.0.31903.59
MinimumVisualStudioVersion = 10.0.40219.1
Project("{FAE04EC0-301F-11D3-BF4B-00C04F79EFBC}") = "STFCCommunityMod.Launcher.Core", "src\STFCCommunityMod.Launcher.Core\STFCCommunityMod.Launcher.Core.csproj", "{A166E26A-73B3-45BC-847C-A2515DB32C97}"
EndProject
Project("{FAE04EC0-301F-11D3-BF4B-00C04F79EFBC}") = "STFCCommunityMod.Launcher", "src\STFCCommunityMod.Launcher\STFCCommunityMod.Launcher.csproj", "{B2D49734-8C57-4F3D-B0CF-3A92C3C12A1A}"
EndProject
Project("{FAE04EC0-301F-11D3-BF4B-00C04F79EFBC}") = "STFCCommunityMod.Launcher.Core.Tests", "tests\STFCCommunityMod.Launcher.Core.Tests\STFCCommunityMod.Launcher.Core.Tests.csproj", "{C32D57D2-4C77-4D57-AC33-B7C9C62A937E}"
EndProject
Project("{FAE04EC0-301F-11D3-BF4B-00C04F79EFBC}") = "STFCCommunityMod.Launcher.Tests", "tests\STFCCommunityMod.Launcher.Tests\STFCCommunityMod.Launcher.Tests.csproj", "{D5B9185D-98E4-4C93-93AC-BE8E4019210E}"
EndProject
Project("{FAE04EC0-301F-11D3-BF4B-00C04F79EFBC}") = "STFCCommunityMod.Launcher.LocalGameIntegration.Tests", "tests\STFCCommunityMod.Launcher.LocalGameIntegration.Tests\STFCCommunityMod.Launcher.LocalGameIntegration.Tests.csproj", "{B5ADE8EC-51EE-4FE4-B428-A08105D6C8B6}"
EndProject
Project("{2150E333-8FDC-42A3-9474-1A3956D46DE8}") = "src", "src", "{00E5D03C-C5DE-4469-AB5E-C5C84BE7BF52}"
EndProject
Project("{FAE04EC0-301F-11D3-BF4B-00C04F79EFBC}") = "STFCCommunityMod.Launcher.Updater", "src\STFCCommunityMod.Launcher.Updater\STFCCommunityMod.Launcher.Updater.csproj", "{A0F6BB29-014C-4F7C-92B7-8DEBF17574AE}"
EndProject
Project("{FAE04EC0-301F-11D3-BF4B-00C04F79EFBC}") = "STFCCommunityMod.Launcher.Setup", "src\STFCCommunityMod.Launcher.Setup\STFCCommunityMod.Launcher.Setup.csproj", "{637D621F-B8E4-45D1-B399-1E55481868D3}"
EndProject
Global
	GlobalSection(SolutionConfigurationPlatforms) = preSolution
		Debug|Any CPU = Debug|Any CPU
		Release|Any CPU = Release|Any CPU
	EndGlobalSection
	GlobalSection(ProjectConfigurationPlatforms) = postSolution
		{A166E26A-73B3-45BC-847C-A2515DB32C97}.Debug|Any CPU.ActiveCfg = Debug|Any CPU
		{A166E26A-73B3-45BC-847C-A2515DB32C97}.Debug|Any CPU.Build.0 = Debug|Any CPU
		{A166E26A-73B3-45BC-847C-A2515DB32C97}.Release|Any CPU.ActiveCfg = Release|Any CPU
		{A166E26A-73B3-45BC-847C-A2515DB32C97}.Release|Any CPU.Build.0 = Release|Any CPU
		{B2D49734-8C57-4F3D-B0CF-3A92C3C12A1A}.Debug|Any CPU.ActiveCfg = Debug|Any CPU
		{B2D49734-8C57-4F3D-B0CF-3A92C3C12A1A}.Debug|Any CPU.Build.0 = Debug|Any CPU
		{B2D49734-8C57-4F3D-B0CF-3A92C3C12A1A}.Release|Any CPU.ActiveCfg = Release|Any CPU
		{B2D49734-8C57-4F3D-B0CF-3A92C3C12A1A}.Release|Any CPU.Build.0 = Release|Any CPU
		{C32D57D2-4C77-4D57-AC33-B7C9C62A937E}.Debug|Any CPU.ActiveCfg = Debug|Any CPU
		{C32D57D2-4C77-4D57-AC33-B7C9C62A937E}.Debug|Any CPU.Build.0 = Debug|Any CPU
		{C32D57D2-4C77-4D57-AC33-B7C9C62A937E}.Release|Any CPU.ActiveCfg = Release|Any CPU
		{C32D57D2-4C77-4D57-AC33-B7C9C62A937E}.Release|Any CPU.Build.0 = Release|Any CPU
		{D5B9185D-98E4-4C93-93AC-BE8E4019210E}.Debug|Any CPU.ActiveCfg = Debug|Any CPU
		{D5B9185D-98E4-4C93-93AC-BE8E4019210E}.Debug|Any CPU.Build.0 = Debug|Any CPU
		{D5B9185D-98E4-4C93-93AC-BE8E4019210E}.Release|Any CPU.ActiveCfg = Release|Any CPU
		{D5B9185D-98E4-4C93-93AC-BE8E4019210E}.Release|Any CPU.Build.0 = Release|Any CPU
		{B5ADE8EC-51EE-4FE4-B428-A08105D6C8B6}.Debug|Any CPU.ActiveCfg = Debug|Any CPU
		{B5ADE8EC-51EE-4FE4-B428-A08105D6C8B6}.Debug|Any CPU.Build.0 = Debug|Any CPU
		{B5ADE8EC-51EE-4FE4-B428-A08105D6C8B6}.Release|Any CPU.ActiveCfg = Release|Any CPU
		{B5ADE8EC-51EE-4FE4-B428-A08105D6C8B6}.Release|Any CPU.Build.0 = Release|Any CPU
		{A0F6BB29-014C-4F7C-92B7-8DEBF17574AE}.Debug|Any CPU.ActiveCfg = Debug|Any CPU
		{A0F6BB29-014C-4F7C-92B7-8DEBF17574AE}.Debug|Any CPU.Build.0 = Debug|Any CPU
		{A0F6BB29-014C-4F7C-92B7-8DEBF17574AE}.Release|Any CPU.ActiveCfg = Release|Any CPU
		{A0F6BB29-014C-4F7C-92B7-8DEBF17574AE}.Release|Any CPU.Build.0 = Release|Any CPU
		{637D621F-B8E4-45D1-B399-1E55481868D3}.Debug|Any CPU.ActiveCfg = Debug|Any CPU
		{637D621F-B8E4-45D1-B399-1E55481868D3}.Debug|Any CPU.Build.0 = Debug|Any CPU
		{637D621F-B8E4-45D1-B399-1E55481868D3}.Release|Any CPU.ActiveCfg = Release|Any CPU
		{637D621F-B8E4-45D1-B399-1E55481868D3}.Release|Any CPU.Build.0 = Release|Any CPU
	EndGlobalSection
	GlobalSection(NestedProjects) = preSolution
		{A0F6BB29-014C-4F7C-92B7-8DEBF17574AE} = {00E5D03C-C5DE-4469-AB5E-C5C84BE7BF52}
		{637D621F-B8E4-45D1-B399-1E55481868D3} = {00E5D03C-C5DE-4469-AB5E-C5C84BE7BF52}
	EndGlobalSection
EndGlobal
